# @generated - this file is auto-generated by `mise lock` https://mise.jdx.dev/dev-tools/mise-lock.html

[[tools.biome]]
version = "2.5.2"
backend = "aqua:biomejs/biome"

[tools.biome."platforms.linux-arm64"]
checksum = "sha256:fe69df99abdc101a66597dfeb720dd40818fc58fe96d6c53b9c2e32c5065ab7a"
url = "https://github.com/biomejs/biome/releases/download/%40biomejs/biome%402.5.2/biome-linux-arm64"
url_api = "https://api.github.com/repos/biomejs/biome/releases/assets/463101263"
provenance = "github-attestations"

[tools.biome."platforms.linux-arm64-musl"]
checksum = "sha256:442b33293e55f452e74e854b50da96b5616bd655dad71bbd1674bc4c876fde13"
url = "https://github.com/biomejs/biome/releases/download/%40biomejs/biome%402.5.2/biome-linux-arm64-musl"
url_api = "https://api.github.com/repos/biomejs/biome/releases/assets/463101265"
provenance = "github-attestations"

[tools.biome."platforms.linux-x64"]
checksum = "sha256:ccd6adc50bb997bf4f5f91140255977f3a5cd12cbdde82d5406b8d7c7154a96b"
url = "https://github.com/biomejs/biome/releases/download/%40biomejs/biome%402.5.2/biome-linux-x64"
url_api = "https://api.github.com/repos/biomejs/biome/releases/assets/463101260"
provenance = "github-attestations"

[tools.biome."platforms.linux-x64-musl"]
checksum = "sha256:8d8fa918571533d5d9ceb8c6ed14c5af71fece9a2c05e7c5cb7a5e8ab654389d"
url = "https://github.com/biomejs/biome/releases/download/%40biomejs/biome%402.5.2/biome-linux-x64-musl"
url_api = "https://api.github.com/repos/biomejs/biome/releases/assets/463101259"
provenance = "github-attestations"

[tools.biome."platforms.macos-arm64"]
checksum = "sha256:6289b71d281928926a50136f555f0b36b84c1fbdd5090f86f47c98abb2e74128"
url = "https://github.com/biomejs/biome/releases/download/%40biomejs/biome%402.5.2/biome-darwin-arm64"
url_api = "https://api.github.com/repos/biomejs/biome/releases/assets/463101264"
provenance = "github-attestations"

[tools.biome."platforms.macos-x64"]
checksum = "sha256:e5a8da8fdd6dd8f47027f7a914568d0aa71728b77ed5e9bc909c00afc344f3bf"
url = "https://github.com/biomejs/biome/releases/download/%40biomejs/biome%402.5.2/biome-darwin-x64"
url_api = "https://api.github.com/repos/biomejs/biome/releases/assets/463101266"
provenance = "github-attestations"

[tools.biome."platforms.windows-x64"]
checksum = "sha256:04a054ca18527404fce4e7a7aa8b882616ecc1a4afa74cfad0cb54a4b165dfb2"
url = "https://github.com/biomejs/biome/releases/download/%40biomejs/biome%402.5.2/biome-win32-x64.exe"
url_api = "https://api.github.com/repos/biomejs/biome/releases/assets/463101262"
provenance = "github-attestations"

[[tools.dotnet]]
version = "10.0.400"
backend = "core:dotnet"

[[tools.editorconfig-checker]]
version = "3.11.1"
backend = "aqua:editorconfig-checker/editorconfig-checker"

[tools.editorconfig-checker."platforms.linux-arm64"]
checksum = "sha256:073d5263f0c5953f3e847df44a84403ecc284ab77419de56e280ab92bc082e8d"
url = "https://github.com/editorconfig-checker/editorconfig-checker/releases/download/v3.11.1/ec-linux-arm64.tar.gz"
url_api = "https://api.github.com/repos/editorconfig-checker/editorconfig-checker/releases/assets/506306098"

[tools.editorconfig-checker."platforms.linux-arm64-musl"]
checksum = "sha256:073d5263f0c5953f3e847df44a84403ecc284ab77419de56e280ab92bc082e8d"
url = "https://github.com/editorconfig-checker/editorconfig-checker/releases/download/v3.11.1/ec-linux-arm64.tar.gz"
url_api = "https://api.github.com/repos/editorconfig-checker/editorconfig-checker/releases/assets/506306098"

[tools.editorconfig-checker."platforms.linux-x64"]
checksum = "sha256:5a37922963248451e88149251e49f6ae08f69717a3918202a51fe9945e19691e"
url = "https://github.com/editorconfig-checker/editorconfig-checker/releases/download/v3.11.1/ec-linux-amd64.tar.gz"
url_api = "https://api.github.com/repos/editorconfig-checker/editorconfig-checker/releases/assets/506306099"

[tools.editorconfig-checker."platforms.linux-x64-musl"]
checksum = "sha256:5a37922963248451e88149251e49f6ae08f69717a3918202a51fe9945e19691e"
url = "https://github.com/editorconfig-checker/editorconfig-checker/releases/download/v3.11.1/ec-linux-amd64.tar.gz"
url_api = "https://api.github.com/repos/editorconfig-checker/editorconfig-checker/releases/assets/506306099"

[tools.editorconfig-checker."platforms.macos-arm64"]
checksum = "sha256:69205598fe8b26677d31194c5c9fdf7e8be321909ffb3c99efb5c9e4e648583e"
url = "https://github.com/editorconfig-checker/editorconfig-checker/releases/download/v3.11.1/ec-darwin-arm64.tar.gz"
url_api = "https://api.github.com/repos/editorconfig-checker/editorconfig-checker/releases/assets/506306097"

[tools.editorconfig-checker."platforms.macos-x64"]
checksum = "sha256:a9f68961e33d1a3b3f134c403557c8b2bbafb70b21b4c32b5d9245ffc2875f4f"
url = "https://github.com/editorconfig-checker/editorconfig-checker/releases/download/v3.11.1/ec-darwin-amd64.tar.gz"
url_api = "https://api.github.com/repos/editorconfig-checker/editorconfig-checker/releases/assets/506306114"

[tools.editorconfig-checker."platforms.windows-x64"]
checksum = "sha256:6f81f034bbaf77d7ea73274aa7d33995baf9e0d91bc4d4caa8eccff4645f870e"
url = "https://github.com/editorconfig-checker/editorconfig-checker/releases/download/v3.11.1/ec-windows-amd64.zip"
url_api = "https://api.github.com/repos/editorconfig-checker/editorconfig-checker/releases/assets/506306105"

[[tools.go]]
version = "1.26.5"
backend = "core:go"

[tools.go."platforms.linux-arm64"]
checksum = "sha256:fe4789e92b1f33358680864bbe8704289e7bb5fc207d80623c308935bd696d49"
url = "https://dl.google.com/go/go1.26.5.linux-arm64.tar.gz"

[tools.go."platforms.linux-arm64-musl"]
checksum = "sha256:fe4789e92b1f33358680864bbe8704289e7bb5fc207d80623c308935bd696d49"
url = "https://dl.google.com/go/go1.26.5.linux-arm64.tar.gz"

[tools.go."platforms.linux-x64"]
checksum = "sha256:5c2c3b16caefa1d968a94c1daca04a7ca301a496d9b086e17ad77bb81393f053"
url = "https://dl.google.com/go/go1.26.5.linux-amd64.tar.gz"

[tools.go."platforms.linux-x64-musl"]
checksum = "sha256:5c2c3b16caefa1d968a94c1daca04a7ca301a496d9b086e17ad77bb81393f053"
url = "https://dl.google.com/go/go1.26.5.linux-amd64.tar.gz"

[tools.go."platforms.macos-arm64"]
checksum = "sha256:efb87ff28af9a188d0536ef5d42e63dd52ba8263cd7344a993cc48dd11dedb6a"
url = "https://dl.google.com/go/go1.26.5.darwin-arm64.tar.gz"

[tools.go."platforms.macos-x64"]
checksum = "sha256:6231d8d3b8f5552ec6cbf6d685bdd5482e1e703214b120e89b3bf0d7bf1ef725"
url = "https://dl.google.com/go/go1.26.5.darwin-amd64.tar.gz"

[tools.go."platforms.windows-x64"]
checksum = "sha256:97e6b2a833b6d89f9ff17d25419ac0a7e3b482a044e9ab18cdef834bd834fd38"
url = "https://dl.google.com/go/go1.26.5.windows-amd64.zip"

[[tools.node]]
version = "26.7.0"
backend = "core:node"

[tools.node."platforms.linux-arm64"]
checksum = "sha256:925aa6157dd37542d0d7f2e28b7bf61e7b39284411210b0498bc3788db4aef68"
url = "https://nodejs.org/dist/v26.7.0/node-v26.7.0-linux-arm64.tar.gz"

[tools.node."platforms.linux-arm64-musl"]
checksum = "sha256:1f16cc0f6febcb1bed1d4550306806dbcfbaf5c1bc2f44f3c5c8b5d22a4cc27a"
url = "https://unofficial-builds.nodejs.org/download/release/v26.7.0/node-v26.7.0-linux-arm64-musl.tar.gz"

[tools.node."platforms.linux-x64"]
checksum = "sha256:bd6b6c31e377bad9ad579bed72e5bc11f4c879ac9452ad51d30e646ea3d828df"
url = "https://nodejs.org/dist/v26.7.0/node-v26.7.0-linux-x64.tar.gz"

[tools.node."platforms.linux-x64-musl"]
checksum = "sha256:5dc0180e7684ede6fc9d9e6333da45686f4b5a7820729d33c68335b283337295"
url = "https://unofficial-builds.nodejs.org/download/release/v26.7.0/node-v26.7.0-linux-x64-musl.tar.gz"

[tools.node."platforms.macos-arm64"]
checksum = "sha256:7ee659a7768e641bbfd5360940660b8e8fd0052f77488f365562bac522fc15d4"
url = "https://nodejs.org/dist/v26.7.0/node-v26.7.0-darwin-arm64.tar.gz"

[tools.node."platforms.macos-x64"]
checksum = "sha256:f279d1ed28ce57f7788bf23435d2ad7fdd7438904ad5c4d8a1081a7cde3d4b96"
url = "https://nodejs.org/dist/v26.7.0/node-v26.7.0-darwin-x64.tar.gz"

[tools.node."platforms.windows-x64"]
checksum = "sha256:d3bd72755141ed32bbcd841228ee81897c8a98d50dfa7dae2179399a0a7c90f8"
url = "https://nodejs.org/dist/v26.7.0/node-v26.7.0-win-x64.zip"

[[tools."npm:markdown-table-formatter"]]
version = "1.7.0"
backend = "npm:markdown-table-formatter"

[[tools."npm:markdownlint-cli"]]
version = "0.49.1"
backend = "npm:markdownlint-cli"

[[tools."npm:prettier"]]
version = "3.9.6"
backend = "npm:prettier"

[[tools."npm:v8r"]]
version = "6.1.0"
backend = "npm:v8r"

[[tools.python]]
version = "3.14.7"
backend = "core:python"

[tools.python.options]
precompiled_arch = "x86_64"
precompiled_os = "unknown-linux-gnu"

[tools.python."platforms.linux-arm64"]
checksum = "sha256:86dfb106b303fa6a1991f7da42ced3e11576f777be299b3162e06617b6d22542"
url = "https://github.com/astral-sh/python-build-standalone/releases/download/20260814/cpython-3.14.7+20260814-aarch64-unknown-linux-gnu-install_only_stripped.tar.gz"
provenance = "github-attestations"

[tools.python."platforms.linux-arm64-musl"]
checksum = "sha256:1bdbb1d5267120b5ba8531332be695693ba49567d28c40dd670545b6a25b70a7"
url = "https://github.com/astral-sh/python-build-standalone/releases/download/20260814/cpython-3.14.7+20260814-aarch64-unknown-linux-musl-install_only_stripped.tar.gz"
provenance = "github-attestations"

[tools.python."platforms.linux-x64"]
checksum = "blake3:93422ebd708a24eb81adc3167197d18228faa19c852fce1d70300cd2117b2bd3"
url = "https://github.com/astral-sh/python-build-standalone/releases/download/20260814/cpython-3.14.7+20260814-x86_64-unknown-linux-gnu-install_only_stripped.tar.gz"
provenance = "github-attestations"

[tools.python."platforms.linux-x64-musl"]
checksum = "sha256:d92793e7c75f88e0ebfe3f6dc9a80b1571e287537938c536b07c60f9c23d6360"
url = "https://github.com/astral-sh/python-build-standalone/releases/download/20260814/cpython-3.14.7+20260814-x86_64-unknown-linux-musl-install_only_stripped.tar.gz"
provenance = "github-attestations"

[tools.python."platforms.macos-arm64"]
checksum = "sha256:423717c485b9ee7822590b9d973c1b5fb2cda0fe43448ab82a3d44f823bd329c"
url = "https://github.com/astral-sh/python-build-standalone/releases/download/20260814/cpython-3.14.7+20260814-aarch64-apple-darwin-install_only_stripped.tar.gz"
provenance = "github-attestations"

[tools.python."platforms.macos-x64"]
checksum = "sha256:e085b44e21d9c60acd866680747e1f82800cf9a1630a369da1723976d87bead1"
url = "https://github.com/astral-sh/python-build-standalone/releases/download/20260814/cpython-3.14.7+20260814-x86_64-apple-darwin-install_only_stripped.tar.gz"
provenance = "github-attestations"

[tools.python."platforms.windows-x64"]
checksum = "sha256:649e1eebf754a5ca76ddfda8c498ff25c574599408b8a52b6a2c24265fd6314c"
url = "https://github.com/astral-sh/python-build-standalone/releases/download/20260814/cpython-3.14.7+20260814-x86_64-pc-windows-msvc-install_only_stripped.tar.gz"
provenance = "github-attestations"

[[tools.usage]]
version = "5.1.0"
backend = "aqua:jdx/usage"

[tools.usage."platforms.linux-arm64"]
checksum = "sha256:e2056b06c8d13f109389d53e758b4e79208f01360dec996751bc48ce658eb200"
url = "https://github.com/jdx/usage/releases/download/v5.1.0/usage-aarch64-unknown-linux-musl.tar.gz"
url_api = "https://api.github.com/repos/jdx/usage/releases/assets/507608014"

[tools.usage."platforms.linux-arm64-musl"]
checksum = "sha256:e2056b06c8d13f109389d53e758b4e79208f01360dec996751bc48ce658eb200"
url = "https://github.com/jdx/usage/releases/download/v5.1.0/usage-aarch64-unknown-linux-musl.tar.gz"
url_api = "https://api.github.com/repos/jdx/usage/releases/assets/507608014"

[tools.usage."platforms.linux-x64"]
checksum = "sha256:a702c639f8e25d1e10f42ab37e09b8f73634c09b23c7abe2ebd6ab6f9665e99c"
url = "https://github.com/jdx/usage/releases/download/v5.1.0/usage-x86_64-unknown-linux-musl.tar.gz"
url_api = "https://api.github.com/repos/jdx/usage/releases/assets/507608023"

[tools.usage."platforms.linux-x64-musl"]
checksum = "sha256:a702c639f8e25d1e10f42ab37e09b8f73634c09b23c7abe2ebd6ab6f9665e99c"
url = "https://github.com/jdx/usage/releases/download/v5.1.0/usage-x86_64-unknown-linux-musl.tar.gz"
url_api = "https://api.github.com/repos/jdx/usage/releases/assets/507608023"

[tools.usage."platforms.macos-arm64"]
checksum = "sha256:ca35e60afd2895ec0b5be9162dbef155a76384ce43573b1ab8a04fbb46e70cd9"
url = "https://github.com/jdx/usage/releases/download/v5.1.0/usage-universal-apple-darwin.tar.gz"
url_api = "https://api.github.com/repos/jdx/usage/releases/assets/507609560"

[tools.usage."platforms.macos-x64"]
checksum = "sha256:ca35e60afd2895ec0b5be9162dbef155a76384ce43573b1ab8a04fbb46e70cd9"
url = "https://github.com/jdx/usage/releases/download/v5.1.0/usage-universal-apple-darwin.tar.gz"
url_api = "https://api.github.com/repos/jdx/usage/releases/assets/507609560"

[tools.usage."platforms.windows-x64"]
checksum = "sha256:c0ef8c1c04917b4f2727134a10a3ab1afed9f251f677ab621c25b9cc85cad66b"
url = "https://github.com/jdx/usage/releases/download/v5.1.0/usage-x86_64-pc-windows-msvc.zip"
url_api = "https://api.github.com/repos/jdx/usage/releases/assets/507610030"

[[tools.yarn]]
version = "4.17.1"
backend = "vfox:mise-plugins/vfox-yarn"
