# This file is generated by running "yarn install" inside your project.
# Manual changes might be lost - proceed with caution!

__metadata:
  version: 8
  cacheKey: 10c0

"@biomejs/biome@npm:^2.3.1":
  version: 2.3.1
  resolution: "@biomejs/biome@npm:2.3.1"
  dependencies:
    "@biomejs/cli-darwin-arm64": "npm:2.3.1"
    "@biomejs/cli-darwin-x64": "npm:2.3.1"
    "@biomejs/cli-linux-arm64": "npm:2.3.1"
    "@biomejs/cli-linux-arm64-musl": "npm:2.3.1"
    "@biomejs/cli-linux-x64": "npm:2.3.1"
    "@biomejs/cli-linux-x64-musl": "npm:2.3.1"
    "@biomejs/cli-win32-arm64": "npm:2.3.1"
    "@biomejs/cli-win32-x64": "npm:2.3.1"
  dependenciesMeta:
    "@biomejs/cli-darwin-arm64":
      optional: true
    "@biomejs/cli-darwin-x64":
      optional: true
    "@biomejs/cli-linux-arm64":
      optional: true
    "@biomejs/cli-linux-arm64-musl":
      optional: true
    "@biomejs/cli-linux-x64":
      optional: true
    "@biomejs/cli-linux-x64-musl":
      optional: true
    "@biomejs/cli-win32-arm64":
      optional: true
    "@biomejs/cli-win32-x64":
      optional: true
  bin:
    biome: bin/biome
  checksum: 10c0/3c644c095b4e9be54b8e93275d8a78bed766a3781b7b4c5c97fd1a736ae6bb3f1f440daa8ceaa1f8f929af711fcffd1cf754f5149315a4695e2b868e29f5d293
  languageName: node
  linkType: hard

"@biomejs/cli-darwin-arm64@npm:2.3.1":
  version: 2.3.1
  resolution: "@biomejs/cli-darwin-arm64@npm:2.3.1"
  conditions: os=darwin & cpu=arm64
  languageName: node
  linkType: hard

"@biomejs/cli-darwin-x64@npm:2.3.1":
  version: 2.3.1
  resolution: "@biomejs/cli-darwin-x64@npm:2.3.1"
  conditions: os=darwin & cpu=x64
  languageName: node
  linkType: hard

"@biomejs/cli-linux-arm64-musl@npm:2.3.1":
  version: 2.3.1
  resolution: "@biomejs/cli-linux-arm64-musl@npm:2.3.1"
  conditions: os=linux & cpu=arm64 & libc=musl
  languageName: node
  linkType: hard

"@biomejs/cli-linux-arm64@npm:2.3.1":
  version: 2.3.1
  resolution: "@biomejs/cli-linux-arm64@npm:2.3.1"
  conditions: os=linux & cpu=arm64 & libc=glibc
  languageName: node
  linkType: hard

"@biomejs/cli-linux-x64-musl@npm:2.3.1":
  version: 2.3.1
  resolution: "@biomejs/cli-linux-x64-musl@npm:2.3.1"
  conditions: os=linux & cpu=x64 & libc=musl
  languageName: node
  linkType: hard

"@biomejs/cli-linux-x64@npm:2.3.1":
  version: 2.3.1
  resolution: "@biomejs/cli-linux-x64@npm:2.3.1"
  conditions: os=linux & cpu=x64 & libc=glibc
  languageName: node
  linkType: hard

"@biomejs/cli-win32-arm64@npm:2.3.1":
  version: 2.3.1
  resolution: "@biomejs/cli-win32-arm64@npm:2.3.1"
  conditions: os=win32 & cpu=arm64
  languageName: node
  linkType: hard

"@biomejs/cli-win32-x64@npm:2.3.1":
  version: 2.3.1
  resolution: "@biomejs/cli-win32-x64@npm:2.3.1"
  conditions: os=win32 & cpu=x64
  languageName: node
  linkType: hard

"@types/node@npm:^24.0.1":
  version: 24.2.1
  resolution: "@types/node@npm:24.2.1"
  dependencies:
    undici-types: "npm:~7.10.0"
  checksum: 10c0/439a3c7edf88a298e0c92e46f670234070b892589c3b06e82cc86c47a7e1cf220f4a4b4736ec6ac7e4b9e1c40d7b6d443a1e22f99dd17f13f9dd15de3b32011b
  languageName: node
  linkType: hard

"bats@npm:^1.12.0":
  version: 1.12.0
  resolution: "bats@npm:1.12.0"
  bin:
    bats: bin/bats
  checksum: 10c0/fa601c7851e0e8bd773987e5b103e48348c63c630432a1d80e0f1849ca0133b22b3eab4f148566dac80b51b42e44db6c54f86a1021b87832a648f38b2501e3a8
  languageName: node
  linkType: hard

"editorconfig-checker@npm:^6.1.0":
  version: 6.1.0
  resolution: "editorconfig-checker@npm:6.1.0"
  bin:
    ec: dist/index.js
    editorconfig-checker: dist/index.js
  checksum: 10c0/0876f5adeaf8c40dd179d78449bd3f14cf428f9179714cc49614407a525c185c228173ba849ff81c340af39a7c456cb904598bf3b60407b28b8302f2672ddb91
  languageName: node
  linkType: hard

"ivuorinen-dotfiles@workspace:.":
  version: 0.0.0-use.local
  resolution: "ivuorinen-dotfiles@workspace:."
  dependencies:
    "@biomejs/biome": "npm:^2.3.1"
    "@types/node": "npm:^24.0.1"
    bats: "npm:^1.12.0"
    editorconfig-checker: "npm:^6.1.0"
    typescript: "npm:^5.8.3"
  languageName: unknown
  linkType: soft

"typescript@npm:^5.8.3":
  version: 5.9.2
  resolution: "typescript@npm:5.9.2"
  bin:
    tsc: bin/tsc
    tsserver: bin/tsserver
  checksum: 10c0/cd635d50f02d6cf98ed42de2f76289701c1ec587a363369255f01ed15aaf22be0813226bff3c53e99d971f9b540e0b3cc7583dbe05faded49b1b0bed2f638a18
  languageName: node
  linkType: hard

"typescript@patch:typescript@npm%3A^5.8.3#optional!builtin<compat/typescript>":
  version: 5.9.2
  resolution: "typescript@patch:typescript@npm%3A5.9.2#optional!builtin<compat/typescript>::version=5.9.2&hash=5786d5"
  bin:
    tsc: bin/tsc
    tsserver: bin/tsserver
  checksum: 10c0/34d2a8e23eb8e0d1875072064d5e1d9c102e0bdce56a10a25c0b917b8aa9001a9cf5c225df12497e99da107dc379360bc138163c66b55b95f5b105b50578067e
  languageName: node
  linkType: hard

"undici-types@npm:~7.10.0":
  version: 7.10.0
  resolution: "undici-types@npm:7.10.0"
  checksum: 10c0/8b00ce50e235fe3cc601307f148b5e8fb427092ee3b23e8118ec0a5d7f68eca8cee468c8fc9f15cbb2cf2a3797945ebceb1cbd9732306a1d00e0a9b6afa0f635
  languageName: node
  linkType: hard
