# This file is generated by running "yarn install" inside your project.
# Manual changes might be lost - proceed with caution!

__metadata:
  version: 9
  cacheKey: 10c0

"@biomejs/biome@npm:^2.4.4":
  version: 2.4.12
  resolution: "@biomejs/biome@npm:2.4.12"
  dependencies:
    "@biomejs/cli-darwin-arm64": "npm:2.4.12"
    "@biomejs/cli-darwin-x64": "npm:2.4.12"
    "@biomejs/cli-linux-arm64": "npm:2.4.12"
    "@biomejs/cli-linux-arm64-musl": "npm:2.4.12"
    "@biomejs/cli-linux-x64": "npm:2.4.12"
    "@biomejs/cli-linux-x64-musl": "npm:2.4.12"
    "@biomejs/cli-win32-arm64": "npm:2.4.12"
    "@biomejs/cli-win32-x64": "npm:2.4.12"
  dependenciesMeta:
    "@biomejs/cli-darwin-arm64":
      optional: true
    "@biomejs/cli-darwin-x64":
      optional: true
    "@biomejs/cli-linux-arm64":
      optional: true
    "@biomejs/cli-linux-arm64-musl":
      optional: true
    "@biomejs/cli-linux-x64":
      optional: true
    "@biomejs/cli-linux-x64-musl":
      optional: true
    "@biomejs/cli-win32-arm64":
      optional: true
    "@biomejs/cli-win32-x64":
      optional: true
  bin:
    biome: bin/biome
  checksum: 10c0/8f03b07f33d7e1efee615945cdc907b7fdc9160d70b204a74ce1b65bdf0ca47c7bfe5e2fafd5b832927f0d4bee4ae3182d93e603e3e5ecf5d91734cff888133b
  languageName: node
  linkType: hard

"@biomejs/cli-darwin-arm64@npm:2.4.12":
  version: 2.4.12
  resolution: "@biomejs/cli-darwin-arm64@npm:2.4.12"
  conditions: os=darwin & cpu=arm64
  languageName: node
  linkType: hard

"@biomejs/cli-darwin-x64@npm:2.4.12":
  version: 2.4.12
  resolution: "@biomejs/cli-darwin-x64@npm:2.4.12"
  conditions: os=darwin & cpu=x64
  languageName: node
  linkType: hard

"@biomejs/cli-linux-arm64-musl@npm:2.4.12":
  version: 2.4.12
  resolution: "@biomejs/cli-linux-arm64-musl@npm:2.4.12"
  conditions: os=linux & cpu=arm64 & libc=musl
  languageName: node
  linkType: hard

"@biomejs/cli-linux-arm64@npm:2.4.12":
  version: 2.4.12
  resolution: "@biomejs/cli-linux-arm64@npm:2.4.12"
  conditions: os=linux & cpu=arm64 & libc=glibc
  languageName: node
  linkType: hard

"@biomejs/cli-linux-x64-musl@npm:2.4.12":
  version: 2.4.12
  resolution: "@biomejs/cli-linux-x64-musl@npm:2.4.12"
  conditions: os=linux & cpu=x64 & libc=musl
  languageName: node
  linkType: hard

"@biomejs/cli-linux-x64@npm:2.4.12":
  version: 2.4.12
  resolution: "@biomejs/cli-linux-x64@npm:2.4.12"
  conditions: os=linux & cpu=x64 & libc=glibc
  languageName: node
  linkType: hard

"@biomejs/cli-win32-arm64@npm:2.4.12":
  version: 2.4.12
  resolution: "@biomejs/cli-win32-arm64@npm:2.4.12"
  conditions: os=win32 & cpu=arm64
  languageName: node
  linkType: hard

"@biomejs/cli-win32-x64@npm:2.4.12":
  version: 2.4.12
  resolution: "@biomejs/cli-win32-x64@npm:2.4.12"
  conditions: os=win32 & cpu=x64
  languageName: node
  linkType: hard

"@types/debug@npm:^4.0.0":
  version: 4.1.13
  resolution: "@types/debug@npm:4.1.13"
  dependencies:
    "@types/ms": "npm:*"
  checksum: 10c0/e5e124021bbdb23a82727eee0a726ae0fc8a3ae1f57253cbcc47497f259afb357de7f6941375e773e1abbfa1604c1555b901a409d762ec2bb4c1612131d4afb7
  languageName: node
  linkType: hard

"@types/katex@npm:^0.16.0":
  version: 0.16.8
  resolution: "@types/katex@npm:0.16.8"
  checksum: 10c0/0661609353f4f5e62bd2dc78da99e842761c6474b19f2268b195bbe9dbf20e6f766a31155d79eec2e7c3eff4e7eba4b30f4f519e9c6a11c75bb45e257a2ddb69
  languageName: node
  linkType: hard

"@types/ms@npm:*":
  version: 2.1.0
  resolution: "@types/ms@npm:2.1.0"
  checksum: 10c0/5ce692ffe1549e1b827d99ef8ff71187457e0eb44adbae38fdf7b9a74bae8d20642ee963c14516db1d35fa2652e65f47680fdf679dcbde52bbfadd021f497225
  languageName: node
  linkType: hard

"@types/node@npm:^25.3.2":
  version: 25.6.0
  resolution: "@types/node@npm:25.6.0"
  dependencies:
    undici-types: "npm:~7.19.0"
  checksum: 10c0/d2d2015630ff098a201407f55f5077a20270ae4f465c739b40865cd9933b91b9c5d2b85568eadaf3db0801b91e267333ca7eb39f007428b173d1cdab4b339ac5
  languageName: node
  linkType: hard

"@types/unist@npm:^2.0.0":
  version: 2.0.11
  resolution: "@types/unist@npm:2.0.11"
  checksum: 10c0/24dcdf25a168f453bb70298145eb043cfdbb82472db0bc0b56d6d51cd2e484b9ed8271d4ac93000a80da568f2402e9339723db262d0869e2bf13bc58e081768d
  languageName: node
  linkType: hard

"ansi-regex@npm:^6.2.2":
  version: 6.2.2
  resolution: "ansi-regex@npm:6.2.2"
  checksum: 10c0/05d4acb1d2f59ab2cf4b794339c7b168890d44dda4bf0ce01152a8da0213aca207802f930442ce8cd22d7a92f44907664aac6508904e75e038fa944d2601b30f
  languageName: node
  linkType: hard

"argparse@npm:^2.0.1":
  version: 2.0.1
  resolution: "argparse@npm:2.0.1"
  checksum: 10c0/c5640c2d89045371c7cedd6a70212a04e360fd34d6edeae32f6952c63949e3525ea77dbec0289d8213a99bbaeab5abfa860b5c12cf88a2e6cf8106e90dd27a7e
  languageName: node
  linkType: hard

"balanced-match@npm:^4.0.2":
  version: 4.0.4
  resolution: "balanced-match@npm:4.0.4"
  checksum: 10c0/07e86102a3eb2ee2a6a1a89164f29d0dbaebd28f2ca3f5ca786f36b8b23d9e417eb3be45a4acf754f837be5ac0a2317de90d3fcb7f4f4dc95720a1f36b26a17b
  languageName: node
  linkType: hard

"bats@npm:^1.13.0":
  version: 1.13.0
  resolution: "bats@npm:1.13.0"
  bin:
    bats: bin/bats
  checksum: 10c0/7f697d6305d80d328d620bd58c658f7830fbed57e28a43f18771d89fb6f941a131b440ab18d951fd15fdd23f3c687687d607d7fc03ac4c99f4725e64d2432832
  languageName: node
  linkType: hard

"brace-expansion@npm:^5.0.5":
  version: 5.0.5
  resolution: "brace-expansion@npm:5.0.5"
  dependencies:
    balanced-match: "npm:^4.0.2"
  checksum: 10c0/4d238e14ed4f5cc9c07285550a41cef23121ca08ba99fa9eb5b55b580dcb6bf868b8210aa10526bdc9f8dc97f33ca2a7259039c4cc131a93042beddb424c48e3
  languageName: node
  linkType: hard

"character-entities-legacy@npm:^3.0.0":
  version: 3.0.0
  resolution: "character-entities-legacy@npm:3.0.0"
  checksum: 10c0/ec4b430af873661aa754a896a2b55af089b4e938d3d010fad5219299a6b6d32ab175142699ee250640678cd64bdecd6db3c9af0b8759ab7b155d970d84c4c7d1
  languageName: node
  linkType: hard

"character-entities@npm:^2.0.0":
  version: 2.0.2
  resolution: "character-entities@npm:2.0.2"
  checksum: 10c0/b0c645a45bcc90ff24f0e0140f4875a8436b8ef13b6bcd31ec02cfb2ca502b680362aa95386f7815bdc04b6464d48cf191210b3840d7c04241a149ede591a308
  languageName: node
  linkType: hard

"character-reference-invalid@npm:^2.0.0":
  version: 2.0.1
  resolution: "character-reference-invalid@npm:2.0.1"
  checksum: 10c0/2ae0dec770cd8659d7e8b0ce24392d83b4c2f0eb4a3395c955dce5528edd4cc030a794cfa06600fcdd700b3f2de2f9b8e40e309c0011c4180e3be64a0b42e6a1
  languageName: node
  linkType: hard

"commander@npm:^8.3.0":
  version: 8.3.0
  resolution: "commander@npm:8.3.0"
  checksum: 10c0/8b043bb8322ea1c39664a1598a95e0495bfe4ca2fad0d84a92d7d1d8d213e2a155b441d2470c8e08de7c4a28cf2bc6e169211c49e1b21d9f7edc6ae4d9356060
  languageName: node
  linkType: hard

"commander@npm:~14.0.3":
  version: 14.0.3
  resolution: "commander@npm:14.0.3"
  checksum: 10c0/755652564bbf56ff2ff083313912b326450d3f8d8c85f4b71416539c9a05c3c67dbd206821ca72635bf6b160e2afdefcb458e86b317827d5cb333b69ce7f1a24
  languageName: node
  linkType: hard

"debug@npm:^4.0.0, debug@npm:^4.3.4":
  version: 4.4.3
  resolution: "debug@npm:4.4.3"
  dependencies:
    ms: "npm:^2.1.3"
  peerDependenciesMeta:
    supports-color:
      optional: true
  checksum: 10c0/d79136ec6c83ecbefd0f6a5593da6a9c91ec4d7ddc4b54c883d6e71ec9accb5f67a1a5e96d00a328196b5b5c86d365e98d8a3a70856aaf16b4e7b1985e67f5a6
  languageName: node
  linkType: hard

"decode-named-character-reference@npm:^1.0.0":
  version: 1.3.0
  resolution: "decode-named-character-reference@npm:1.3.0"
  dependencies:
    character-entities: "npm:^2.0.0"
  checksum: 10c0/787f4c87f3b82ea342aa7c2d7b1882b6fb9511bb77f72ae44dcaabea0470bacd1e9c6a0080ab886545019fa0cb3a7109573fad6b61a362844c3a0ac52b36e4bb
  languageName: node
  linkType: hard

"deep-extend@npm:^0.6.0, deep-extend@npm:~0.6.0":
  version: 0.6.0
  resolution: "deep-extend@npm:0.6.0"
  checksum: 10c0/1c6b0abcdb901e13a44c7d699116d3d4279fdb261983122a3783e7273844d5f2537dc2e1c454a23fcf645917f93fbf8d07101c1d03c015a87faa662755212566
  languageName: node
  linkType: hard

"deep-is@npm:^0.1.3":
  version: 0.1.4
  resolution: "deep-is@npm:0.1.4"
  checksum: 10c0/7f0ee496e0dff14a573dc6127f14c95061b448b87b995fc96c017ce0a1e66af1675e73f1d6064407975bc4ea6ab679497a29fff7b5b9c4e99cb10797c1ad0b4c
  languageName: node
  linkType: hard

"dequal@npm:^2.0.0":
  version: 2.0.3
  resolution: "dequal@npm:2.0.3"
  checksum: 10c0/f98860cdf58b64991ae10205137c0e97d384c3a4edc7f807603887b7c4b850af1224a33d88012009f150861cbee4fa2d322c4cc04b9313bee312e47f6ecaa888
  languageName: node
  linkType: hard

"devlop@npm:^1.0.0":
  version: 1.1.0
  resolution: "devlop@npm:1.1.0"
  dependencies:
    dequal: "npm:^2.0.0"
  checksum: 10c0/e0928ab8f94c59417a2b8389c45c55ce0a02d9ac7fd74ef62d01ba48060129e1d594501b77de01f3eeafc7cb00773819b0df74d96251cf20b31c5b3071f45c0e
  languageName: node
  linkType: hard

"editorconfig-checker@npm:^6.1.1":
  version: 6.1.1
  resolution: "editorconfig-checker@npm:6.1.1"
  bin:
    ec: dist/index.js
    editorconfig-checker: dist/index.js
  checksum: 10c0/0a46ce93e2821041c4b4bbf2ab9dc30e1b4eb03d3f20e5b14bbe45767f6f2aafd5e1310ea737c15402d8e193f702a421a814041e072584250e8a7d5e63d83741
  languageName: node
  linkType: hard

"entities@npm:^4.4.0":
  version: 4.5.0
  resolution: "entities@npm:4.5.0"
  checksum: 10c0/5b039739f7621f5d1ad996715e53d964035f75ad3b9a4d38c6b3804bb226e282ffeae2443624d8fdd9c47d8e926ae9ac009c54671243f0c3294c26af7cc85250
  languageName: node
  linkType: hard

"fast-levenshtein@npm:^2.0.6":
  version: 2.0.6
  resolution: "fast-levenshtein@npm:2.0.6"
  checksum: 10c0/111972b37338bcb88f7d9e2c5907862c280ebf4234433b95bc611e518d192ccb2d38119c4ac86e26b668d75f7f3894f4ff5c4982899afced7ca78633b08287c4
  languageName: node
  linkType: hard

"fdir@npm:^6.5.0":
  version: 6.5.0
  resolution: "fdir@npm:6.5.0"
  peerDependencies:
    picomatch: ^3 || ^4
  peerDependenciesMeta:
    picomatch:
      optional: true
  checksum: 10c0/e345083c4306b3aed6cb8ec551e26c36bab5c511e99ea4576a16750ddc8d3240e63826cc624f5ae17ad4dc82e68a253213b60d556c11bfad064b7607847ed07f
  languageName: node
  linkType: hard

"find-package-json@npm:^1.2.0":
  version: 1.2.0
  resolution: "find-package-json@npm:1.2.0"
  checksum: 10c0/85d6c97afb9f8f0deb0d344a1c4eb8027347cf4d61666c28d3ac3f913e916684441218682b3dd6f8ad570e5d43c96a7db521f70183d70df559d07e1f99cdc635
  languageName: node
  linkType: hard

"fs-extra@npm:^11.1.1":
  version: 11.3.4
  resolution: "fs-extra@npm:11.3.4"
  dependencies:
    graceful-fs: "npm:^4.2.0"
    jsonfile: "npm:^6.0.1"
    universalify: "npm:^2.0.0"
  checksum: 10c0/e08276f767a62496ae97d711aaa692c6a478177f24a85979b6a2881c9db9c68b8c2ad5da0bcf92c0b2a474cea6e935ec245656441527958fd8372cb647087df0
  languageName: node
  linkType: hard

"get-east-asian-width@npm:^1.3.0":
  version: 1.5.0
  resolution: "get-east-asian-width@npm:1.5.0"
  checksum: 10c0/bff8bbc8d81790b9477f7aa55b1806b9f082a8dc1359fff7bd8b96939622c86b729685afc2bfeb22def1fc6ef1e5228e4d87dd4e6da60bc43a5edfb03c4ee167
  languageName: node
  linkType: hard

"glob@npm:^13.0.0":
  version: 13.0.6
  resolution: "glob@npm:13.0.6"
  dependencies:
    minimatch: "npm:^10.2.2"
    minipass: "npm:^7.1.3"
    path-scurry: "npm:^2.0.2"
  checksum: 10c0/269c236f11a9b50357fe7a8c6aadac667e01deb5242b19c84975628f05f4438d8ee1354bb62c5d6c10f37fd59911b54d7799730633a2786660d8c69f1d18120a
  languageName: node
  linkType: hard

"graceful-fs@npm:^4.1.6, graceful-fs@npm:^4.2.0":
  version: 4.2.11
  resolution: "graceful-fs@npm:4.2.11"
  checksum: 10c0/386d011a553e02bc594ac2ca0bd6d9e4c22d7fa8cfbfc448a6d148c59ea881b092db9dbe3547ae4b88e55f1b01f7c4a2ecc53b310c042793e63aa44cf6c257f2
  languageName: node
  linkType: hard

"ignore@npm:~7.0.5":
  version: 7.0.5
  resolution: "ignore@npm:7.0.5"
  checksum: 10c0/ae00db89fe873064a093b8999fe4cc284b13ef2a178636211842cceb650b9c3e390d3339191acb145d81ed5379d2074840cf0c33a20bdbd6f32821f79eb4ad5d
  languageName: node
  linkType: hard

"ini@npm:~4.1.0":
  version: 4.1.3
  resolution: "ini@npm:4.1.3"
  checksum: 10c0/0d27eff094d5f3899dd7c00d0c04ea733ca03a8eb6f9406ce15daac1a81de022cb417d6eaff7e4342451ffa663389c565ffc68d6825eaf686bf003280b945764
  languageName: node
  linkType: hard

"is-alphabetical@npm:^2.0.0":
  version: 2.0.1
  resolution: "is-alphabetical@npm:2.0.1"
  checksum: 10c0/932367456f17237533fd1fc9fe179df77957271020b83ea31da50e5cc472d35ef6b5fb8147453274ffd251134472ce24eb6f8d8398d96dee98237cdb81a6c9a7
  languageName: node
  linkType: hard

"is-alphanumerical@npm:^2.0.0":
  version: 2.0.1
  resolution: "is-alphanumerical@npm:2.0.1"
  dependencies:
    is-alphabetical: "npm:^2.0.0"
    is-decimal: "npm:^2.0.0"
  checksum: 10c0/4b35c42b18e40d41378293f82a3ecd9de77049b476f748db5697c297f686e1e05b072a6aaae2d16f54d2a57f85b00cbbe755c75f6d583d1c77d6657bd0feb5a2
  languageName: node
  linkType: hard

"is-decimal@npm:^2.0.0":
  version: 2.0.1
  resolution: "is-decimal@npm:2.0.1"
  checksum: 10c0/8085dd66f7d82f9de818fba48b9e9c0429cb4291824e6c5f2622e96b9680b54a07a624cfc663b24148b8e853c62a1c987cfe8b0b5a13f5156991afaf6736e334
  languageName: node
  linkType: hard

"is-hexadecimal@npm:^2.0.0":
  version: 2.0.1
  resolution: "is-hexadecimal@npm:2.0.1"
  checksum: 10c0/3eb60fe2f1e2bbc760b927dcad4d51eaa0c60138cf7fc671803f66353ad90c301605b502c7ea4c6bb0548e1c7e79dfd37b73b632652e3b76030bba603a7e9626
  languageName: node
  linkType: hard

"ivuorinen-dotfiles@workspace:.":
  version: 0.0.0-use.local
  resolution: "ivuorinen-dotfiles@workspace:."
  dependencies:
    "@biomejs/biome": "npm:^2.4.4"
    "@types/node": "npm:^25.3.2"
    bats: "npm:^1.13.0"
    editorconfig-checker: "npm:^6.1.1"
    markdown-table-formatter: "npm:^1.7.0"
    markdownlint-cli: "npm:^0.48.0"
    prettier: "npm:^3.8.1"
    typescript: "npm:^6.0.0"
  languageName: unknown
  linkType: soft

"js-yaml@npm:~4.1.1":
  version: 4.1.1
  resolution: "js-yaml@npm:4.1.1"
  dependencies:
    argparse: "npm:^2.0.1"
  bin:
    js-yaml: bin/js-yaml.js
  checksum: 10c0/561c7d7088c40a9bb53cc75becbfb1df6ae49b34b5e6e5a81744b14ae8667ec564ad2527709d1a6e7d5e5fa6d483aa0f373a50ad98d42fde368ec4a190d4fae7
  languageName: node
  linkType: hard

"jsonc-parser@npm:~3.3.1":
  version: 3.3.1
  resolution: "jsonc-parser@npm:3.3.1"
  checksum: 10c0/269c3ae0a0e4f907a914bf334306c384aabb9929bd8c99f909275ebd5c2d3bc70b9bcd119ad794f339dec9f24b6a4ee9cd5a8ab2e6435e730ad4075388fc2ab6
  languageName: node
  linkType: hard

"jsonfile@npm:^6.0.1":
  version: 6.2.0
  resolution: "jsonfile@npm:6.2.0"
  dependencies:
    graceful-fs: "npm:^4.1.6"
    universalify: "npm:^2.0.0"
  dependenciesMeta:
    graceful-fs:
      optional: true
  checksum: 10c0/7f4f43b08d1869ded8a6822213d13ae3b99d651151d77efd1557ced0889c466296a7d9684e397bd126acf5eb2cfcb605808c3e681d0fdccd2fe5a04b47e76c0d
  languageName: node
  linkType: hard

"jsonpointer@npm:~5.0.1":
  version: 5.0.1
  resolution: "jsonpointer@npm:5.0.1"
  checksum: 10c0/89929e58b400fcb96928c0504fcf4fc3f919d81e9543ceb055df125538470ee25290bb4984251e172e6ef8fcc55761eb998c118da763a82051ad89d4cb073fe7
  languageName: node
  linkType: hard

"katex@npm:^0.16.0":
  version: 0.16.45
  resolution: "katex@npm:0.16.45"
  dependencies:
    commander: "npm:^8.3.0"
  bin:
    katex: cli.js
  checksum: 10c0/f715eb9a73daff68ac14dcc8c2f47f02f5fc756a74077d22479e64e06872b2b44f0d81f1c91a98a9873722a08841388a869a0b9ddb96b224362eb8054ddf533a
  languageName: node
  linkType: hard

"levn@npm:^0.4.1":
  version: 0.4.1
  resolution: "levn@npm:0.4.1"
  dependencies:
    prelude-ls: "npm:^1.2.1"
    type-check: "npm:~0.4.0"
  checksum: 10c0/effb03cad7c89dfa5bd4f6989364bfc79994c2042ec5966cb9b95990e2edee5cd8969ddf42616a0373ac49fac1403437deaf6e9050fbbaa3546093a59b9ac94e
  languageName: node
  linkType: hard

"linkify-it@npm:^5.0.0":
  version: 5.0.0
  resolution: "linkify-it@npm:5.0.0"
  dependencies:
    uc.micro: "npm:^2.0.0"
  checksum: 10c0/ff4abbcdfa2003472fc3eb4b8e60905ec97718e11e33cca52059919a4c80cc0e0c2a14d23e23d8c00e5402bc5a885cdba8ca053a11483ab3cc8b3c7a52f88e2d
  languageName: node
  linkType: hard

"lru-cache@npm:^11.0.0":
  version: 11.3.5
  resolution: "lru-cache@npm:11.3.5"
  checksum: 10c0/5b54ef7b88afb4bd25b7a778f1b2b1cde32d9770913e530da34ab203cf0442413bcaa6e372800cbab9562557a4480e4d8bf32e3a368bb5a91b12218eca085c66
  languageName: node
  linkType: hard

"markdown-it@npm:~14.1.1":
  version: 14.1.1
  resolution: "markdown-it@npm:14.1.1"
  dependencies:
    argparse: "npm:^2.0.1"
    entities: "npm:^4.4.0"
    linkify-it: "npm:^5.0.0"
    mdurl: "npm:^2.0.0"
    punycode.js: "npm:^2.3.1"
    uc.micro: "npm:^2.1.0"
  bin:
    markdown-it: bin/markdown-it.mjs
  checksum: 10c0/c67f2a4c8069a307c78d8c15104bbcb15a2c6b17f4c904364ca218ec2eccf76a397eba1ea05f5ac5de72c4b67fcf115d422d22df0bfb86a09b663f55b9478d4f
  languageName: node
  linkType: hard

"markdown-table-formatter@npm:^1.7.0":
  version: 1.7.0
  resolution: "markdown-table-formatter@npm:1.7.0"
  dependencies:
    debug: "npm:^4.3.4"
    find-package-json: "npm:^1.2.0"
    fs-extra: "npm:^11.1.1"
    glob: "npm:^13.0.0"
    markdown-table-prettify: "npm:^3.6.0"
    optionator: "npm:^0.9.4"
  bin:
    markdown-table-formatter: lib/index.js
  checksum: 10c0/0f0d5eaec2c3bb9c60328ffbb4652305845def5387f4c87dd6e83559ef793961353af64ae44bce9cda3394469e419e046ae42fe7e9cafd47414b42deaa28f3b7
  languageName: node
  linkType: hard

"markdown-table-prettify@npm:^3.6.0":
  version: 3.7.0
  resolution: "markdown-table-prettify@npm:3.7.0"
  bin:
    markdown-table-prettify: cli/index.js
  checksum: 10c0/f387b1ca81ceaa201bda2ce1db8e4d392a4d4ac3d7bb3173c7d9e3d9ca389e31d247eee2ccd2fa30f3132ae2447dc51285fb68636cdaf825633a43a499f41cd6
  languageName: node
  linkType: hard

"markdownlint-cli@npm:^0.48.0":
  version: 0.48.0
  resolution: "markdownlint-cli@npm:0.48.0"
  dependencies:
    commander: "npm:~14.0.3"
    deep-extend: "npm:~0.6.0"
    ignore: "npm:~7.0.5"
    js-yaml: "npm:~4.1.1"
    jsonc-parser: "npm:~3.3.1"
    jsonpointer: "npm:~5.0.1"
    markdown-it: "npm:~14.1.1"
    markdownlint: "npm:~0.40.0"
    minimatch: "npm:~10.2.4"
    run-con: "npm:~1.3.2"
    smol-toml: "npm:~1.6.0"
    tinyglobby: "npm:~0.2.15"
  bin:
    markdownlint: markdownlint.js
  checksum: 10c0/dc4da23adeb3a5b466bdce1be8aad58daf9b1be5be7de082d1ca22a6842e85000327ac592df038a9c89ef397bedb0ffd5c6c345fc245f9017572a24db25fac20
  languageName: node
  linkType: hard

"markdownlint@npm:~0.40.0":
  version: 0.40.0
  resolution: "markdownlint@npm:0.40.0"
  dependencies:
    micromark: "npm:4.0.2"
    micromark-core-commonmark: "npm:2.0.3"
    micromark-extension-directive: "npm:4.0.0"
    micromark-extension-gfm-autolink-literal: "npm:2.1.0"
    micromark-extension-gfm-footnote: "npm:2.1.0"
    micromark-extension-gfm-table: "npm:2.1.1"
    micromark-extension-math: "npm:3.1.0"
    micromark-util-types: "npm:2.0.2"
    string-width: "npm:8.1.0"
  checksum: 10c0/1543fcf4a433bc54e0e565cb1c8111e5e3d0df3742df0cc840d470bced21a1e3b5593e4e380ad0d8d5e490d9b399699d48aeabed33719f3fbdc6d00128138f20
  languageName: node
  linkType: hard

"mdurl@npm:^2.0.0":
  version: 2.0.0
  resolution: "mdurl@npm:2.0.0"
  checksum: 10c0/633db522272f75ce4788440669137c77540d74a83e9015666a9557a152c02e245b192edc20bc90ae953bbab727503994a53b236b4d9c99bdaee594d0e7dd2ce0
  languageName: node
  linkType: hard

"micromark-core-commonmark@npm:2.0.3, micromark-core-commonmark@npm:^2.0.0":
  version: 2.0.3
  resolution: "micromark-core-commonmark@npm:2.0.3"
  dependencies:
    decode-named-character-reference: "npm:^1.0.0"
    devlop: "npm:^1.0.0"
    micromark-factory-destination: "npm:^2.0.0"
    micromark-factory-label: "npm:^2.0.0"
    micromark-factory-space: "npm:^2.0.0"
    micromark-factory-title: "npm:^2.0.0"
    micromark-factory-whitespace: "npm:^2.0.0"
    micromark-util-character: "npm:^2.0.0"
    micromark-util-chunked: "npm:^2.0.0"
    micromark-util-classify-character: "npm:^2.0.0"
    micromark-util-html-tag-name: "npm:^2.0.0"
    micromark-util-normalize-identifier: "npm:^2.0.0"
    micromark-util-resolve-all: "npm:^2.0.0"
    micromark-util-subtokenize: "npm:^2.0.0"
    micromark-util-symbol: "npm:^2.0.0"
    micromark-util-types: "npm:^2.0.0"
  checksum: 10c0/bd4a794fdc9e88dbdf59eaf1c507ddf26e5f7ddf4e52566c72239c0f1b66adbcd219ba2cd42350debbe24471434d5f5e50099d2b3f4e5762ca222ba8e5b549ee
  languageName: node
  linkType: hard

"micromark-extension-directive@npm:4.0.0":
  version: 4.0.0
  resolution: "micromark-extension-directive@npm:4.0.0"
  dependencies:
    devlop: "npm:^1.0.0"
    micromark-factory-space: "npm:^2.0.0"
    micromark-factory-whitespace: "npm:^2.0.0"
    micromark-util-character: "npm:^2.0.0"
    micromark-util-symbol: "npm:^2.0.0"
    micromark-util-types: "npm:^2.0.0"
    parse-entities: "npm:^4.0.0"
  checksum: 10c0/b4aef0f44339543466ae186130a4514985837b6b12d0c155bd1162e740f631e58f0883a39d0c723206fa0ff53a9b579965c79116f902236f6f123c3340b5fefb
  languageName: node
  linkType: hard

"micromark-extension-gfm-autolink-literal@npm:2.1.0":
  version: 2.1.0
  resolution: "micromark-extension-gfm-autolink-literal@npm:2.1.0"
  dependencies:
    micromark-util-character: "npm:^2.0.0"
    micromark-util-sanitize-uri: "npm:^2.0.0"
    micromark-util-symbol: "npm:^2.0.0"
    micromark-util-types: "npm:^2.0.0"
  checksum: 10c0/84e6fbb84ea7c161dfa179665dc90d51116de4c28f3e958260c0423e5a745372b7dcbc87d3cde98213b532e6812f847eef5ae561c9397d7f7da1e59872ef3efe
  languageName: node
  linkType: hard

"micromark-extension-gfm-footnote@npm:2.1.0":
  version: 2.1.0
  resolution: "micromark-extension-gfm-footnote@npm:2.1.0"
  dependencies:
    devlop: "npm:^1.0.0"
    micromark-core-commonmark: "npm:^2.0.0"
    micromark-factory-space: "npm:^2.0.0"
    micromark-util-character: "npm:^2.0.0"
    micromark-util-normalize-identifier: "npm:^2.0.0"
    micromark-util-sanitize-uri: "npm:^2.0.0"
    micromark-util-symbol: "npm:^2.0.0"
    micromark-util-types: "npm:^2.0.0"
  checksum: 10c0/d172e4218968b7371b9321af5cde8c77423f73b233b2b0fcf3ff6fd6f61d2e0d52c49123a9b7910612478bf1f0d5e88c75a3990dd68f70f3933fe812b9f77edc
  languageName: node
  linkType: hard

"micromark-extension-gfm-table@npm:2.1.1":
  version: 2.1.1
  resolution: "micromark-extension-gfm-table@npm:2.1.1"
  dependencies:
    devlop: "npm:^1.0.0"
    micromark-factory-space: "npm:^2.0.0"
    micromark-util-character: "npm:^2.0.0"
    micromark-util-symbol: "npm:^2.0.0"
    micromark-util-types: "npm:^2.0.0"
  checksum: 10c0/04bc00e19b435fa0add62cd029d8b7eb6137522f77832186b1d5ef34544a9bd030c9cf85e92ddfcc5c31f6f0a58a43d4b96dba4fc21316037c734630ee12c912
  languageName: node
  linkType: hard

"micromark-extension-math@npm:3.1.0":
  version: 3.1.0
  resolution: "micromark-extension-math@npm:3.1.0"
  dependencies:
    "@types/katex": "npm:^0.16.0"
    devlop: "npm:^1.0.0"
    katex: "npm:^0.16.0"
    micromark-factory-space: "npm:^2.0.0"
    micromark-util-character: "npm:^2.0.0"
    micromark-util-symbol: "npm:^2.0.0"
    micromark-util-types: "npm:^2.0.0"
  checksum: 10c0/56e6f2185a4613f9d47e7e98cf8605851c990957d9229c942b005e286c8087b61dc9149448d38b2f8be6d42cc6a64aad7e1f2778ddd86fbbb1a2f48a3ca1872f
  languageName: node
  linkType: hard

"micromark-factory-destination@npm:^2.0.0":
  version: 2.0.1
  resolution: "micromark-factory-destination@npm:2.0.1"
  dependencies:
    micromark-util-character: "npm:^2.0.0"
    micromark-util-symbol: "npm:^2.0.0"
    micromark-util-types: "npm:^2.0.0"
  checksum: 10c0/bbafcf869cee5bf511161354cb87d61c142592fbecea051000ff116068dc85216e6d48519d147890b9ea5d7e2864a6341c0c09d9948c203bff624a80a476023c
  languageName: node
  linkType: hard

"micromark-factory-label@npm:^2.0.0":
  version: 2.0.1
  resolution: "micromark-factory-label@npm:2.0.1"
  dependencies:
    devlop: "npm:^1.0.0"
    micromark-util-character: "npm:^2.0.0"
    micromark-util-symbol: "npm:^2.0.0"
    micromark-util-types: "npm:^2.0.0"
  checksum: 10c0/0137716b4ecb428114165505e94a2f18855c8bbea21b07a8b5ce514b32a595ed789d2b967125718fc44c4197ceaa48f6609d58807a68e778138d2e6b91b824e8
  languageName: node
  linkType: hard

"micromark-factory-space@npm:^2.0.0":
  version: 2.0.1
  resolution: "micromark-factory-space@npm:2.0.1"
  dependencies:
    micromark-util-character: "npm:^2.0.0"
    micromark-util-types: "npm:^2.0.0"
  checksum: 10c0/f9ed43f1c0652d8d898de0ac2be3f77f776fffe7dd96bdbba1e02d7ce33d3853c6ff5daa52568fc4fa32cdf3a62d86b85ead9b9189f7211e1d69ff2163c450fb
  languageName: node
  linkType: hard

"micromark-factory-title@npm:^2.0.0":
  version: 2.0.1
  resolution: "micromark-factory-title@npm:2.0.1"
  dependencies:
    micromark-factory-space: "npm:^2.0.0"
    micromark-util-character: "npm:^2.0.0"
    micromark-util-symbol: "npm:^2.0.0"
    micromark-util-types: "npm:^2.0.0"
  checksum: 10c0/e72fad8d6e88823514916890099a5af20b6a9178ccf78e7e5e05f4de99bb8797acb756257d7a3a57a53854cb0086bf8aab15b1a9e9db8982500dd2c9ff5948b6
  languageName: node
  linkType: hard

"micromark-factory-whitespace@npm:^2.0.0":
  version: 2.0.1
  resolution: "micromark-factory-whitespace@npm:2.0.1"
  dependencies:
    micromark-factory-space: "npm:^2.0.0"
    micromark-util-character: "npm:^2.0.0"
    micromark-util-symbol: "npm:^2.0.0"
    micromark-util-types: "npm:^2.0.0"
  checksum: 10c0/20a1ec58698f24b766510a309b23a10175034fcf1551eaa9da3adcbed3e00cd53d1ebe5f030cf873f76a1cec3c34eb8c50cc227be3344caa9ed25d56cf611224
  languageName: node
  linkType: hard

"micromark-util-character@npm:^2.0.0":
  version: 2.1.1
  resolution: "micromark-util-character@npm:2.1.1"
  dependencies:
    micromark-util-symbol: "npm:^2.0.0"
    micromark-util-types: "npm:^2.0.0"
  checksum: 10c0/d3fe7a5e2c4060fc2a076f9ce699c82a2e87190a3946e1e5eea77f563869b504961f5668d9c9c014724db28ac32fa909070ea8b30c3a39bd0483cc6c04cc76a1
  languageName: node
  linkType: hard

"micromark-util-chunked@npm:^2.0.0":
  version: 2.0.1
  resolution: "micromark-util-chunked@npm:2.0.1"
  dependencies:
    micromark-util-symbol: "npm:^2.0.0"
  checksum: 10c0/b68c0c16fe8106949537bdcfe1be9cf36c0ccd3bc54c4007003cb0984c3750b6cdd0fd77d03f269a3382b85b0de58bde4f6eedbe7ecdf7244759112289b1ab56
  languageName: node
  linkType: hard

"micromark-util-classify-character@npm:^2.0.0":
  version: 2.0.1
  resolution: "micromark-util-classify-character@npm:2.0.1"
  dependencies:
    micromark-util-character: "npm:^2.0.0"
    micromark-util-symbol: "npm:^2.0.0"
    micromark-util-types: "npm:^2.0.0"
  checksum: 10c0/8a02e59304005c475c332f581697e92e8c585bcd45d5d225a66c1c1b14ab5a8062705188c2ccec33cc998d33502514121478b2091feddbc751887fc9c290ed08
  languageName: node
  linkType: hard

"micromark-util-combine-extensions@npm:^2.0.0":
  version: 2.0.1
  resolution: "micromark-util-combine-extensions@npm:2.0.1"
  dependencies:
    micromark-util-chunked: "npm:^2.0.0"
    micromark-util-types: "npm:^2.0.0"
  checksum: 10c0/f15e282af24c8372cbb10b9b0b3e2c0aa681fea0ca323a44d6bc537dc1d9382c819c3689f14eaa000118f5a163245358ce6276b2cda9a84439cdb221f5d86ae7
  languageName: node
  linkType: hard

"micromark-util-decode-numeric-character-reference@npm:^2.0.0":
  version: 2.0.2
  resolution: "micromark-util-decode-numeric-character-reference@npm:2.0.2"
  dependencies:
    micromark-util-symbol: "npm:^2.0.0"
  checksum: 10c0/9c8a9f2c790e5593ffe513901c3a110e9ec8882a08f466da014112a25e5059b51551ca0aeb7ff494657d86eceb2f02ee556c6558b8d66aadc61eae4a240da0df
  languageName: node
  linkType: hard

"micromark-util-encode@npm:^2.0.0":
  version: 2.0.1
  resolution: "micromark-util-encode@npm:2.0.1"
  checksum: 10c0/b2b29f901093845da8a1bf997ea8b7f5e061ffdba85070dfe14b0197c48fda64ffcf82bfe53c90cf9dc185e69eef8c5d41cae3ba918b96bc279326921b59008a
  languageName: node
  linkType: hard

"micromark-util-html-tag-name@npm:^2.0.0":
  version: 2.0.1
  resolution: "micromark-util-html-tag-name@npm:2.0.1"
  checksum: 10c0/ae80444db786fde908e9295f19a27a4aa304171852c77414516418650097b8afb401961c9edb09d677b06e97e8370cfa65638dde8438ebd41d60c0a8678b85b9
  languageName: node
  linkType: hard

"micromark-util-normalize-identifier@npm:^2.0.0":
  version: 2.0.1
  resolution: "micromark-util-normalize-identifier@npm:2.0.1"
  dependencies:
    micromark-util-symbol: "npm:^2.0.0"
  checksum: 10c0/5299265fa360769fc499a89f40142f10a9d4a5c3dd8e6eac8a8ef3c2e4a6570e4c009cf75ea46dce5ee31c01f25587bde2f4a5cc0a935584ae86dd857f2babbd
  languageName: node
  linkType: hard

"micromark-util-resolve-all@npm:^2.0.0":
  version: 2.0.1
  resolution: "micromark-util-resolve-all@npm:2.0.1"
  dependencies:
    micromark-util-types: "npm:^2.0.0"
  checksum: 10c0/bb6ca28764696bb479dc44a2d5b5fe003e7177aeae1d6b0d43f24cc223bab90234092d9c3ce4a4d2b8df095ccfd820537b10eb96bb7044d635f385d65a4c984a
  languageName: node
  linkType: hard

"micromark-util-sanitize-uri@npm:^2.0.0":
  version: 2.0.1
  resolution: "micromark-util-sanitize-uri@npm:2.0.1"
  dependencies:
    micromark-util-character: "npm:^2.0.0"
    micromark-util-encode: "npm:^2.0.0"
    micromark-util-symbol: "npm:^2.0.0"
  checksum: 10c0/60e92166e1870fd4f1961468c2651013ff760617342918e0e0c3c4e872433aa2e60c1e5a672bfe5d89dc98f742d6b33897585cf86ae002cda23e905a3c02527c
  languageName: node
  linkType: hard

"micromark-util-subtokenize@npm:^2.0.0":
  version: 2.1.0
  resolution: "micromark-util-subtokenize@npm:2.1.0"
  dependencies:
    devlop: "npm:^1.0.0"
    micromark-util-chunked: "npm:^2.0.0"
    micromark-util-symbol: "npm:^2.0.0"
    micromark-util-types: "npm:^2.0.0"
  checksum: 10c0/bee69eece4393308e657c293ba80d92ebcb637e5f55e21dcf9c3fa732b91a8eda8ac248d76ff375e675175bfadeae4712e5158ef97eef1111789da1ce7ab5067
  languageName: node
  linkType: hard

"micromark-util-symbol@npm:^2.0.0":
  version: 2.0.1
  resolution: "micromark-util-symbol@npm:2.0.1"
  checksum: 10c0/f2d1b207771e573232436618e78c5e46cd4b5c560dd4a6d63863d58018abbf49cb96ec69f7007471e51434c60de3c9268ef2bf46852f26ff4aacd10f9da16fe9
  languageName: node
  linkType: hard

"micromark-util-types@npm:2.0.2, micromark-util-types@npm:^2.0.0":
  version: 2.0.2
  resolution: "micromark-util-types@npm:2.0.2"
  checksum: 10c0/c8c15b96c858db781c4393f55feec10004bf7df95487636c9a9f7209e51002a5cca6a047c5d2a5dc669ff92da20e57aaa881e81a268d9ccadb647f9dce305298
  languageName: node
  linkType: hard

"micromark@npm:4.0.2":
  version: 4.0.2
  resolution: "micromark@npm:4.0.2"
  dependencies:
    "@types/debug": "npm:^4.0.0"
    debug: "npm:^4.0.0"
    decode-named-character-reference: "npm:^1.0.0"
    devlop: "npm:^1.0.0"
    micromark-core-commonmark: "npm:^2.0.0"
    micromark-factory-space: "npm:^2.0.0"
    micromark-util-character: "npm:^2.0.0"
    micromark-util-chunked: "npm:^2.0.0"
    micromark-util-combine-extensions: "npm:^2.0.0"
    micromark-util-decode-numeric-character-reference: "npm:^2.0.0"
    micromark-util-encode: "npm:^2.0.0"
    micromark-util-normalize-identifier: "npm:^2.0.0"
    micromark-util-resolve-all: "npm:^2.0.0"
    micromark-util-sanitize-uri: "npm:^2.0.0"
    micromark-util-subtokenize: "npm:^2.0.0"
    micromark-util-symbol: "npm:^2.0.0"
    micromark-util-types: "npm:^2.0.0"
  checksum: 10c0/07462287254219d6eda6eac8a3cebaff2994e0575499e7088027b825105e096e4f51e466b14b2a81b71933a3b6c48ee069049d87bc2c2127eee50d9cc69e8af6
  languageName: node
  linkType: hard

"minimatch@npm:^10.2.4":
  version: 10.2.5
  resolution: "minimatch@npm:10.2.5"
  dependencies:
    brace-expansion: "npm:^5.0.5"
  checksum: 10c0/6bb058bd6324104b9ec2f763476a35386d05079c1f5fe4fbf1f324a25237cd4534d6813ecd71f48208f4e635c1221899bef94c3c89f7df55698fe373aaae20fd
  languageName: node
  linkType: hard

"minimist@npm:^1.2.8":
  version: 1.2.8
  resolution: "minimist@npm:1.2.8"
  checksum: 10c0/19d3fcdca050087b84c2029841a093691a91259a47def2f18222f41e7645a0b7c44ef4b40e88a1e58a40c84d2ef0ee6047c55594d298146d0eb3f6b737c20ce6
  languageName: node
  linkType: hard

"minipass@npm:^7.1.2, minipass@npm:^7.1.3":
  version: 7.1.3
  resolution: "minipass@npm:7.1.3"
  checksum: 10c0/539da88daca16533211ea5a9ee98dc62ff5742f531f54640dd34429e621955e91cc280a91a776026264b7f9f6735947629f920944e9c1558369e8bf22eb33fbb
  languageName: node
  linkType: hard

"ms@npm:^2.1.3":
  version: 2.1.3
  resolution: "ms@npm:2.1.3"
  checksum: 10c0/d924b57e7312b3b63ad21fc5b3dc0af5e78d61a1fc7cfb5457edaf26326bf62be5307cc87ffb6862ef1c2b33b0233cdb5d4f01c4c958cc0d660948b65a287a48
  languageName: node
  linkType: hard

"optionator@npm:^0.9.4":
  version: 0.9.4
  resolution: "optionator@npm:0.9.4"
  dependencies:
    deep-is: "npm:^0.1.3"
    fast-levenshtein: "npm:^2.0.6"
    levn: "npm:^0.4.1"
    prelude-ls: "npm:^1.2.1"
    type-check: "npm:^0.4.0"
    word-wrap: "npm:^1.2.5"
  checksum: 10c0/4afb687a059ee65b61df74dfe87d8d6815cd6883cb8b3d5883a910df72d0f5d029821f37025e4bccf4048873dbdb09acc6d303d27b8f76b1a80dd5a7d5334675
  languageName: node
  linkType: hard

"parse-entities@npm:^4.0.0":
  version: 4.0.2
  resolution: "parse-entities@npm:4.0.2"
  dependencies:
    "@types/unist": "npm:^2.0.0"
    character-entities-legacy: "npm:^3.0.0"
    character-reference-invalid: "npm:^2.0.0"
    decode-named-character-reference: "npm:^1.0.0"
    is-alphanumerical: "npm:^2.0.0"
    is-decimal: "npm:^2.0.0"
    is-hexadecimal: "npm:^2.0.0"
  checksum: 10c0/a13906b1151750b78ed83d386294066daf5fb559e08c5af9591b2d98cc209123103016a01df776f65f8219ad26652d6d6b210d0974d452049cddfc53a8916c34
  languageName: node
  linkType: hard

"path-scurry@npm:^2.0.2":
  version: 2.0.2
  resolution: "path-scurry@npm:2.0.2"
  dependencies:
    lru-cache: "npm:^11.0.0"
    minipass: "npm:^7.1.2"
  checksum: 10c0/b35ad37cf6557a87fd057121ce2be7695380c9138d93e87ae928609da259ea0a170fac6f3ef1eb3ece8a068e8b7f2f3adf5bb2374cf4d4a57fe484954fcc9482
  languageName: node
  linkType: hard

"picomatch@npm:^4.0.4":
  version: 4.0.4
  resolution: "picomatch@npm:4.0.4"
  checksum: 10c0/e2c6023372cc7b5764719a5ffb9da0f8e781212fa7ca4bd0562db929df8e117460f00dff3cb7509dacfc06b86de924b247f504d0ce1806a37fac4633081466b0
  languageName: node
  linkType: hard

"prelude-ls@npm:^1.2.1":
  version: 1.2.1
  resolution: "prelude-ls@npm:1.2.1"
  checksum: 10c0/b00d617431e7886c520a6f498a2e14c75ec58f6d93ba48c3b639cf241b54232d90daa05d83a9e9b9fef6baa63cb7e1e4602c2372fea5bc169668401eb127d0cd
  languageName: node
  linkType: hard

"prettier@npm:^3.8.1":
  version: 3.8.3
  resolution: "prettier@npm:3.8.3"
  bin:
    prettier: bin/prettier.cjs
  checksum: 10c0/754816fd7593eb80f6376d7476d463e832c38a12f32775a82683adb6e35b772b1f484d65f19401507b983a8c8a7cd5a4a9f12006bd56491e8f35503473f77473
  languageName: node
  linkType: hard

"punycode.js@npm:^2.3.1":
  version: 2.3.1
  resolution: "punycode.js@npm:2.3.1"
  checksum: 10c0/1d12c1c0e06127fa5db56bd7fdf698daf9a78104456a6b67326877afc21feaa821257b171539caedd2f0524027fa38e67b13dd094159c8d70b6d26d2bea4dfdb
  languageName: node
  linkType: hard

"run-con@npm:~1.3.2":
  version: 1.3.2
  resolution: "run-con@npm:1.3.2"
  dependencies:
    deep-extend: "npm:^0.6.0"
    ini: "npm:~4.1.0"
    minimist: "npm:^1.2.8"
    strip-json-comments: "npm:~3.1.1"
  bin:
    run-con: cli.js
  checksum: 10c0/b0bdd3083cf9f188e72df8905a1a40a1478e2a7437b0312ab1b824e058129388b811705ee7874e9a707e5de0e8fb8eb790da3aa0a23375323feecd1da97d5cf6
  languageName: node
  linkType: hard

"smol-toml@npm:~1.6.0":
  version: 1.6.1
  resolution: "smol-toml@npm:1.6.1"
  checksum: 10c0/511a78722f99c7616fdb46af708de3d7e81434b5a3d58061166da73f28bfc6cae4f0cd04683f60515b9c490cd10152fce72287c960b337419c0299cc1f0f2a22
  languageName: node
  linkType: hard

"string-width@npm:8.1.0":
  version: 8.1.0
  resolution: "string-width@npm:8.1.0"
  dependencies:
    get-east-asian-width: "npm:^1.3.0"
    strip-ansi: "npm:^7.1.0"
  checksum: 10c0/749b5d0dab2532b4b6b801064230f4da850f57b3891287023117ab63a464ad79dd208f42f793458f48f3ad121fe2e1f01dd525ff27ead957ed9f205e27406593
  languageName: node
  linkType: hard

"strip-ansi@npm:^7.1.0":
  version: 7.2.0
  resolution: "strip-ansi@npm:7.2.0"
  dependencies:
    ansi-regex: "npm:^6.2.2"
  checksum: 10c0/544d13b7582f8254811ea97db202f519e189e59d35740c46095897e254e4f1aa9fe1524a83ad6bc5ad67d4dd6c0281d2e0219ed62b880a6238a16a17d375f221
  languageName: node
  linkType: hard

"strip-json-comments@npm:~3.1.1":
  version: 3.1.1
  resolution: "strip-json-comments@npm:3.1.1"
  checksum: 10c0/9681a6257b925a7fa0f285851c0e613cc934a50661fa7bb41ca9cbbff89686bb4a0ee366e6ecedc4daafd01e83eee0720111ab294366fe7c185e935475ebcecd
  languageName: node
  linkType: hard

"tinyglobby@npm:~0.2.15":
  version: 0.2.16
  resolution: "tinyglobby@npm:0.2.16"
  dependencies:
    fdir: "npm:^6.5.0"
    picomatch: "npm:^4.0.4"
  checksum: 10c0/f2e09fd93dd95c41e522113b686ff6f7c13020962f8698a864a257f3d7737599afc47722b7ab726e12f8a813f779906187911ff8ee6701ede65072671a7e934b
  languageName: node
  linkType: hard

"type-check@npm:^0.4.0, type-check@npm:~0.4.0":
  version: 0.4.0
  resolution: "type-check@npm:0.4.0"
  dependencies:
    prelude-ls: "npm:^1.2.1"
  checksum: 10c0/7b3fd0ed43891e2080bf0c5c504b418fbb3e5c7b9708d3d015037ba2e6323a28152ec163bcb65212741fa5d2022e3075ac3c76440dbd344c9035f818e8ecee58
  languageName: node
  linkType: hard

"typescript@npm:^6.0.0":
  version: 6.0.2
  resolution: "typescript@npm:6.0.2"
  bin:
    tsc: bin/tsc
    tsserver: bin/tsserver
  checksum: 10c0/4b860b0bf87cc0fee0f66d8ef2640b5a8a8a8c74d1129adb82e389e5f97124383823c47946bef8a73ede371461143a3aa8544399d2133c7b2e4f07e81860af7f
  languageName: node
  linkType: hard

"typescript@patch:typescript@npm%3A^6.0.0#optional!builtin<compat/typescript>":
  version: 6.0.2
  resolution: "typescript@patch:typescript@npm%3A6.0.2#optional!builtin<compat/typescript>::version=6.0.2&hash=5786d5"
  bin:
    tsc: bin/tsc
    tsserver: bin/tsserver
  checksum: 10c0/49f0b84fc6ca55653e77752b8a61beabc09ee3dae5d965c31596225aa6ef213c5727b1d2e895b900416dc603854ba0872ac4a812c2a4ed6793a601f9c675de02
  languageName: node
  linkType: hard

"uc.micro@npm:^2.0.0, uc.micro@npm:^2.1.0":
  version: 2.1.0
  resolution: "uc.micro@npm:2.1.0"
  checksum: 10c0/8862eddb412dda76f15db8ad1c640ccc2f47cdf8252a4a30be908d535602c8d33f9855dfcccb8b8837855c1ce1eaa563f7fa7ebe3c98fd0794351aab9b9c55fa
  languageName: node
  linkType: hard

"undici-types@npm:~7.19.0":
  version: 7.19.2
  resolution: "undici-types@npm:7.19.2"
  checksum: 10c0/7159f10546f9f6c47d36776bb1bbf8671e87c1e587a6fee84ae1f111ae8de4f914efa8ca0dfcd224f4f4a9dfc3f6028f627ccb5ddaccf82d7fd54671b89fac3e
  languageName: node
  linkType: hard

"universalify@npm:^2.0.0":
  version: 2.0.1
  resolution: "universalify@npm:2.0.1"
  checksum: 10c0/73e8ee3809041ca8b818efb141801a1004e3fc0002727f1531f4de613ea281b494a40909596dae4a042a4fb6cd385af5d4db2e137b1362e0e91384b828effd3a
  languageName: node
  linkType: hard

"word-wrap@npm:^1.2.5":
  version: 1.2.5
  resolution: "word-wrap@npm:1.2.5"
  checksum: 10c0/e0e4a1ca27599c92a6ca4c32260e8a92e8a44f4ef6ef93f803f8ed823f486e0889fc0b93be4db59c8d51b3064951d25e43d434e95dc8c960cc3a63d65d00ba20
  languageName: node
  linkType: hard
