# This file is generated by running "yarn install" inside your project.
# Manual changes might be lost - proceed with caution!

__metadata:
  version: 8
  cacheKey: 10c0

"@biomejs/biome@npm:^2.4.4":
  version: 2.4.4
  resolution: "@biomejs/biome@npm:2.4.4"
  dependencies:
    "@biomejs/cli-darwin-arm64": "npm:2.4.4"
    "@biomejs/cli-darwin-x64": "npm:2.4.4"
    "@biomejs/cli-linux-arm64": "npm:2.4.4"
    "@biomejs/cli-linux-arm64-musl": "npm:2.4.4"
    "@biomejs/cli-linux-x64": "npm:2.4.4"
    "@biomejs/cli-linux-x64-musl": "npm:2.4.4"
    "@biomejs/cli-win32-arm64": "npm:2.4.4"
    "@biomejs/cli-win32-x64": "npm:2.4.4"
  dependenciesMeta:
    "@biomejs/cli-darwin-arm64":
      optional: true
    "@biomejs/cli-darwin-x64":
      optional: true
    "@biomejs/cli-linux-arm64":
      optional: true
    "@biomejs/cli-linux-arm64-musl":
      optional: true
    "@biomejs/cli-linux-x64":
      optional: true
    "@biomejs/cli-linux-x64-musl":
      optional: true
    "@biomejs/cli-win32-arm64":
      optional: true
    "@biomejs/cli-win32-x64":
      optional: true
  bin:
    biome: bin/biome
  checksum: 10c0/f2b7620d39caeeb9e0ed070dd1065cc2378626c7fa6ecda3db84b64df4c94fb4909407726044e28c83e8a95121ad389498cc3f0e5be600a421d906ca705b821c
  languageName: node
  linkType: hard

"@biomejs/cli-darwin-arm64@npm:2.4.4":
  version: 2.4.4
  resolution: "@biomejs/cli-darwin-arm64@npm:2.4.4"
  conditions: os=darwin & cpu=arm64
  languageName: node
  linkType: hard

"@biomejs/cli-darwin-x64@npm:2.4.4":
  version: 2.4.4
  resolution: "@biomejs/cli-darwin-x64@npm:2.4.4"
  conditions: os=darwin & cpu=x64
  languageName: node
  linkType: hard

"@biomejs/cli-linux-arm64-musl@npm:2.4.4":
  version: 2.4.4
  resolution: "@biomejs/cli-linux-arm64-musl@npm:2.4.4"
  conditions: os=linux & cpu=arm64 & libc=musl
  languageName: node
  linkType: hard

"@biomejs/cli-linux-arm64@npm:2.4.4":
  version: 2.4.4
  resolution: "@biomejs/cli-linux-arm64@npm:2.4.4"
  conditions: os=linux & cpu=arm64 & libc=glibc
  languageName: node
  linkType: hard

"@biomejs/cli-linux-x64-musl@npm:2.4.4":
  version: 2.4.4
  resolution: "@biomejs/cli-linux-x64-musl@npm:2.4.4"
  conditions: os=linux & cpu=x64 & libc=musl
  languageName: node
  linkType: hard

"@biomejs/cli-linux-x64@npm:2.4.4":
  version: 2.4.4
  resolution: "@biomejs/cli-linux-x64@npm:2.4.4"
  conditions: os=linux & cpu=x64 & libc=glibc
  languageName: node
  linkType: hard

"@biomejs/cli-win32-arm64@npm:2.4.4":
  version: 2.4.4
  resolution: "@biomejs/cli-win32-arm64@npm:2.4.4"
  conditions: os=win32 & cpu=arm64
  languageName: node
  linkType: hard

"@biomejs/cli-win32-x64@npm:2.4.4":
  version: 2.4.4
  resolution: "@biomejs/cli-win32-x64@npm:2.4.4"
  conditions: os=win32 & cpu=x64
  languageName: node
  linkType: hard

"@types/node@npm:^25.3.2":
  version: 25.3.2
  resolution: "@types/node@npm:25.3.2"
  dependencies:
    undici-types: "npm:~7.18.0"
  checksum: 10c0/946c8758668762d3c3b475281b420e580d0ce828c6847534a822b92be791e23e5879b53001ea928e5352dec8908082d854b8076b7bcfc69549e23ad54b1f98ab
  languageName: node
  linkType: hard

"balanced-match@npm:^4.0.2":
  version: 4.0.4
  resolution: "balanced-match@npm:4.0.4"
  checksum: 10c0/07e86102a3eb2ee2a6a1a89164f29d0dbaebd28f2ca3f5ca786f36b8b23d9e417eb3be45a4acf754f837be5ac0a2317de90d3fcb7f4f4dc95720a1f36b26a17b
  languageName: node
  linkType: hard

"bats@npm:^1.13.0":
  version: 1.13.0
  resolution: "bats@npm:1.13.0"
  bin:
    bats: bin/bats
  checksum: 10c0/7f697d6305d80d328d620bd58c658f7830fbed57e28a43f18771d89fb6f941a131b440ab18d951fd15fdd23f3c687687d607d7fc03ac4c99f4725e64d2432832
  languageName: node
  linkType: hard

"brace-expansion@npm:^5.0.2":
  version: 5.0.3
  resolution: "brace-expansion@npm:5.0.3"
  dependencies:
    balanced-match: "npm:^4.0.2"
  checksum: 10c0/e474d300e581ec56851b3863ff1cf18573170c6d06deb199ccbd03b2119c36975f6ce2abc7b770f5bebddc1ab022661a9fea9b4d56f33315d7bef54d8793869e
  languageName: node
  linkType: hard

"debug@npm:^4.3.4":
  version: 4.4.3
  resolution: "debug@npm:4.4.3"
  dependencies:
    ms: "npm:^2.1.3"
  peerDependenciesMeta:
    supports-color:
      optional: true
  checksum: 10c0/d79136ec6c83ecbefd0f6a5593da6a9c91ec4d7ddc4b54c883d6e71ec9accb5f67a1a5e96d00a328196b5b5c86d365e98d8a3a70856aaf16b4e7b1985e67f5a6
  languageName: node
  linkType: hard

"deep-is@npm:^0.1.3":
  version: 0.1.4
  resolution: "deep-is@npm:0.1.4"
  checksum: 10c0/7f0ee496e0dff14a573dc6127f14c95061b448b87b995fc96c017ce0a1e66af1675e73f1d6064407975bc4ea6ab679497a29fff7b5b9c4e99cb10797c1ad0b4c
  languageName: node
  linkType: hard

"editorconfig-checker@npm:^6.1.1":
  version: 6.1.1
  resolution: "editorconfig-checker@npm:6.1.1"
  bin:
    ec: dist/index.js
    editorconfig-checker: dist/index.js
  checksum: 10c0/0a46ce93e2821041c4b4bbf2ab9dc30e1b4eb03d3f20e5b14bbe45767f6f2aafd5e1310ea737c15402d8e193f702a421a814041e072584250e8a7d5e63d83741
  languageName: node
  linkType: hard

"fast-levenshtein@npm:^2.0.6":
  version: 2.0.6
  resolution: "fast-levenshtein@npm:2.0.6"
  checksum: 10c0/111972b37338bcb88f7d9e2c5907862c280ebf4234433b95bc611e518d192ccb2d38119c4ac86e26b668d75f7f3894f4ff5c4982899afced7ca78633b08287c4
  languageName: node
  linkType: hard

"find-package-json@npm:^1.2.0":
  version: 1.2.0
  resolution: "find-package-json@npm:1.2.0"
  checksum: 10c0/85d6c97afb9f8f0deb0d344a1c4eb8027347cf4d61666c28d3ac3f913e916684441218682b3dd6f8ad570e5d43c96a7db521f70183d70df559d07e1f99cdc635
  languageName: node
  linkType: hard

"fs-extra@npm:^11.1.1":
  version: 11.3.3
  resolution: "fs-extra@npm:11.3.3"
  dependencies:
    graceful-fs: "npm:^4.2.0"
    jsonfile: "npm:^6.0.1"
    universalify: "npm:^2.0.0"
  checksum: 10c0/984924ff4104e3e9f351b658a864bf3b354b2c90429f57aec0acd12d92c4e6b762cbacacdffb4e745b280adce882e1f980c485d9f02c453f769ab4e7fc646ce3
  languageName: node
  linkType: hard

"glob@npm:^13.0.0":
  version: 13.0.6
  resolution: "glob@npm:13.0.6"
  dependencies:
    minimatch: "npm:^10.2.2"
    minipass: "npm:^7.1.3"
    path-scurry: "npm:^2.0.2"
  checksum: 10c0/269c236f11a9b50357fe7a8c6aadac667e01deb5242b19c84975628f05f4438d8ee1354bb62c5d6c10f37fd59911b54d7799730633a2786660d8c69f1d18120a
  languageName: node
  linkType: hard

"graceful-fs@npm:^4.1.6, graceful-fs@npm:^4.2.0":
  version: 4.2.11
  resolution: "graceful-fs@npm:4.2.11"
  checksum: 10c0/386d011a553e02bc594ac2ca0bd6d9e4c22d7fa8cfbfc448a6d148c59ea881b092db9dbe3547ae4b88e55f1b01f7c4a2ecc53b310c042793e63aa44cf6c257f2
  languageName: node
  linkType: hard

"ivuorinen-dotfiles@workspace:.":
  version: 0.0.0-use.local
  resolution: "ivuorinen-dotfiles@workspace:."
  dependencies:
    "@biomejs/biome": "npm:^2.4.4"
    "@types/node": "npm:^25.3.2"
    bats: "npm:^1.13.0"
    editorconfig-checker: "npm:^6.1.1"
    markdown-table-formatter: "npm:^1.7.0"
    prettier: "npm:^3.8.1"
    typescript: "npm:^5.9.3"
  languageName: unknown
  linkType: soft

"jsonfile@npm:^6.0.1":
  version: 6.2.0
  resolution: "jsonfile@npm:6.2.0"
  dependencies:
    graceful-fs: "npm:^4.1.6"
    universalify: "npm:^2.0.0"
  dependenciesMeta:
    graceful-fs:
      optional: true
  checksum: 10c0/7f4f43b08d1869ded8a6822213d13ae3b99d651151d77efd1557ced0889c466296a7d9684e397bd126acf5eb2cfcb605808c3e681d0fdccd2fe5a04b47e76c0d
  languageName: node
  linkType: hard

"levn@npm:^0.4.1":
  version: 0.4.1
  resolution: "levn@npm:0.4.1"
  dependencies:
    prelude-ls: "npm:^1.2.1"
    type-check: "npm:~0.4.0"
  checksum: 10c0/effb03cad7c89dfa5bd4f6989364bfc79994c2042ec5966cb9b95990e2edee5cd8969ddf42616a0373ac49fac1403437deaf6e9050fbbaa3546093a59b9ac94e
  languageName: node
  linkType: hard

"lru-cache@npm:^11.0.0":
  version: 11.2.6
  resolution: "lru-cache@npm:11.2.6"
  checksum: 10c0/73bbffb298760e71b2bfe8ebc16a311c6a60ceddbba919cfedfd8635c2d125fbfb5a39b71818200e67973b11f8d59c5a9e31d6f90722e340e90393663a66e5cd
  languageName: node
  linkType: hard

"markdown-table-formatter@npm:^1.7.0":
  version: 1.7.0
  resolution: "markdown-table-formatter@npm:1.7.0"
  dependencies:
    debug: "npm:^4.3.4"
    find-package-json: "npm:^1.2.0"
    fs-extra: "npm:^11.1.1"
    glob: "npm:^13.0.0"
    markdown-table-prettify: "npm:^3.6.0"
    optionator: "npm:^0.9.4"
  bin:
    markdown-table-formatter: lib/index.js
  checksum: 10c0/0f0d5eaec2c3bb9c60328ffbb4652305845def5387f4c87dd6e83559ef793961353af64ae44bce9cda3394469e419e046ae42fe7e9cafd47414b42deaa28f3b7
  languageName: node
  linkType: hard

"markdown-table-prettify@npm:^3.6.0":
  version: 3.7.0
  resolution: "markdown-table-prettify@npm:3.7.0"
  bin:
    markdown-table-prettify: cli/index.js
  checksum: 10c0/f387b1ca81ceaa201bda2ce1db8e4d392a4d4ac3d7bb3173c7d9e3d9ca389e31d247eee2ccd2fa30f3132ae2447dc51285fb68636cdaf825633a43a499f41cd6
  languageName: node
  linkType: hard

"minimatch@npm:^10.2.2":
  version: 10.2.2
  resolution: "minimatch@npm:10.2.2"
  dependencies:
    brace-expansion: "npm:^5.0.2"
  checksum: 10c0/098831f2f542cb802e1f249c809008a016e1fef6b3a9eda9cf9ecb2b3d7979083951bd47c0c82fcf34330bd3b36638a493d4fa8e24cce58caf5b481de0f4e238
  languageName: node
  linkType: hard

"minipass@npm:^7.1.2, minipass@npm:^7.1.3":
  version: 7.1.3
  resolution: "minipass@npm:7.1.3"
  checksum: 10c0/539da88daca16533211ea5a9ee98dc62ff5742f531f54640dd34429e621955e91cc280a91a776026264b7f9f6735947629f920944e9c1558369e8bf22eb33fbb
  languageName: node
  linkType: hard

"ms@npm:^2.1.3":
  version: 2.1.3
  resolution: "ms@npm:2.1.3"
  checksum: 10c0/d924b57e7312b3b63ad21fc5b3dc0af5e78d61a1fc7cfb5457edaf26326bf62be5307cc87ffb6862ef1c2b33b0233cdb5d4f01c4c958cc0d660948b65a287a48
  languageName: node
  linkType: hard

"optionator@npm:^0.9.4":
  version: 0.9.4
  resolution: "optionator@npm:0.9.4"
  dependencies:
    deep-is: "npm:^0.1.3"
    fast-levenshtein: "npm:^2.0.6"
    levn: "npm:^0.4.1"
    prelude-ls: "npm:^1.2.1"
    type-check: "npm:^0.4.0"
    word-wrap: "npm:^1.2.5"
  checksum: 10c0/4afb687a059ee65b61df74dfe87d8d6815cd6883cb8b3d5883a910df72d0f5d029821f37025e4bccf4048873dbdb09acc6d303d27b8f76b1a80dd5a7d5334675
  languageName: node
  linkType: hard

"path-scurry@npm:^2.0.2":
  version: 2.0.2
  resolution: "path-scurry@npm:2.0.2"
  dependencies:
    lru-cache: "npm:^11.0.0"
    minipass: "npm:^7.1.2"
  checksum: 10c0/b35ad37cf6557a87fd057121ce2be7695380c9138d93e87ae928609da259ea0a170fac6f3ef1eb3ece8a068e8b7f2f3adf5bb2374cf4d4a57fe484954fcc9482
  languageName: node
  linkType: hard

"prelude-ls@npm:^1.2.1":
  version: 1.2.1
  resolution: "prelude-ls@npm:1.2.1"
  checksum: 10c0/b00d617431e7886c520a6f498a2e14c75ec58f6d93ba48c3b639cf241b54232d90daa05d83a9e9b9fef6baa63cb7e1e4602c2372fea5bc169668401eb127d0cd
  languageName: node
  linkType: hard

"prettier@npm:^3.8.1":
  version: 3.8.1
  resolution: "prettier@npm:3.8.1"
  bin:
    prettier: bin/prettier.cjs
  checksum: 10c0/33169b594009e48f570471271be7eac7cdcf88a209eed39ac3b8d6d78984039bfa9132f82b7e6ba3b06711f3bfe0222a62a1bfb87c43f50c25a83df1b78a2c42
  languageName: node
  linkType: hard

"type-check@npm:^0.4.0, type-check@npm:~0.4.0":
  version: 0.4.0
  resolution: "type-check@npm:0.4.0"
  dependencies:
    prelude-ls: "npm:^1.2.1"
  checksum: 10c0/7b3fd0ed43891e2080bf0c5c504b418fbb3e5c7b9708d3d015037ba2e6323a28152ec163bcb65212741fa5d2022e3075ac3c76440dbd344c9035f818e8ecee58
  languageName: node
  linkType: hard

"typescript@npm:^5.9.3":
  version: 5.9.3
  resolution: "typescript@npm:5.9.3"
  bin:
    tsc: bin/tsc
    tsserver: bin/tsserver
  checksum: 10c0/6bd7552ce39f97e711db5aa048f6f9995b53f1c52f7d8667c1abdc1700c68a76a308f579cd309ce6b53646deb4e9a1be7c813a93baaf0a28ccd536a30270e1c5
  languageName: node
  linkType: hard

"typescript@patch:typescript@npm%3A^5.9.3#optional!builtin<compat/typescript>":
  version: 5.9.3
  resolution: "typescript@patch:typescript@npm%3A5.9.3#optional!builtin<compat/typescript>::version=5.9.3&hash=5786d5"
  bin:
    tsc: bin/tsc
    tsserver: bin/tsserver
  checksum: 10c0/ad09fdf7a756814dce65bc60c1657b40d44451346858eea230e10f2e95a289d9183b6e32e5c11e95acc0ccc214b4f36289dcad4bf1886b0adb84d711d336a430
  languageName: node
  linkType: hard

"undici-types@npm:~7.18.0":
  version: 7.18.2
  resolution: "undici-types@npm:7.18.2"
  checksum: 10c0/85a79189113a238959d7a647368e4f7c5559c3a404ebdb8fc4488145ce9426fcd82252a844a302798dfc0e37e6fb178ff481ed03bc4caf634c5757d9ef43521d
  languageName: node
  linkType: hard

"universalify@npm:^2.0.0":
  version: 2.0.1
  resolution: "universalify@npm:2.0.1"
  checksum: 10c0/73e8ee3809041ca8b818efb141801a1004e3fc0002727f1531f4de613ea281b494a40909596dae4a042a4fb6cd385af5d4db2e137b1362e0e91384b828effd3a
  languageName: node
  linkType: hard

"word-wrap@npm:^1.2.5":
  version: 1.2.5
  resolution: "word-wrap@npm:1.2.5"
  checksum: 10c0/e0e4a1ca27599c92a6ca4c32260e8a92e8a44f4ef6ef93f803f8ed823f486e0889fc0b93be4db59c8d51b3064951d25e43d434e95dc8c960cc3a63d65d00ba20
  languageName: node
  linkType: hard
